// !$*UTF8*$!
{
	archiveVersion = 1;
	classes = {
	};
	objectVersion = 77;
	objects = {

/* Begin PBXBuildFile section */
		D34B04AA2DD7BC7B0096C888 /* WidgetKit.framework in Frameworks */ = {isa = PBXBuildFile; fileRef = D34B04A92DD7BC7B0096C888 /* WidgetKit.framework */; };
		D34B04AC2DD7BC7B0096C888 /* SwiftUI.framework in Frameworks */ = {isa = PBXBuildFile; fileRef = D34B04AB2DD7BC7B0096C888 /* SwiftUI.framework */; };
		D34B04BD2DD7BC7D0096C888 /* FocusActivityWidgetExtension.appex in Embed Foundation Extensions */ = {isa = PBXBuildFile; fileRef = D34B04A72DD7BC7B0096C888 /* FocusActivityWidgetExtension.appex */; settings = {ATTRIBUTES = (RemoveHeadersOnCopy, ); }; };
/* End PBXBuildFile section */

/* Begin PBXContainerItemProxy section */
		D34B04BB2DD7BC7D0096C888 /* PBXContainerItemProxy */ = {
			isa = PBXContainerItemProxy;
			containerPortal = D384B4A32DD359380093A29E /* Project object */;
			proxyType = 1;
			remoteGlobalIDString = D34B04A62DD7BC7B0096C888;
			remoteInfo = FocusActivityWidgetExtension;
		};
		D384B4BE2DD3593A0093A29E /* PBXContainerItemProxy */ = {
			isa = PBXContainerItemProxy;
			containerPortal = D384B4A32DD359380093A29E /* Project object */;
			proxyType = 1;
			remoteGlobalIDString = D384B4AA2DD359380093A29E;
			remoteInfo = iDoFocus;
		};
		D384B4C82DD3593A0093A29E /* PBXContainerItemProxy */ = {
			isa = PBXContainerItemProxy;
			containerPortal = D384B4A32DD359380093A29E /* Project object */;
			proxyType = 1;
			remoteGlobalIDString = D384B4AA2DD359380093A29E;
			remoteInfo = iDoFocus;
		};
/* End PBXContainerItemProxy section */

/* Begin PBXCopyFilesBuildPhase section */
		D34B04BE2DD7BC7D0096C888 /* Embed Foundation Extensions */ = {
			isa = PBXCopyFilesBuildPhase;
			buildActionMask = 2147483647;
			dstPath = "";
			dstSubfolderSpec = 13;
			files = (
				D34B04BD2DD7BC7D0096C888 /* FocusActivityWidgetExtension.appex in Embed Foundation Extensions */,
			);
			name = "Embed Foundation Extensions";
			runOnlyForDeploymentPostprocessing = 0;
		};
/* End PBXCopyFilesBuildPhase section */

/* Begin PBXFileReference section */
		D34B04A72DD7BC7B0096C888 /* FocusActivityWidgetExtension.appex */ = {isa = PBXFileReference; explicitFileType = "wrapper.app-extension"; includeInIndex = 0; path = FocusActivityWidgetExtension.appex; sourceTree = BUILT_PRODUCTS_DIR; };
		D34B04A92DD7BC7B0096C888 /* WidgetKit.framework */ = {isa = PBXFileReference; lastKnownFileType = wrapper.framework; name = WidgetKit.framework; path = System/Library/Frameworks/WidgetKit.framework; sourceTree = SDKROOT; };
		D34B04AB2DD7BC7B0096C888 /* SwiftUI.framework */ = {isa = PBXFileReference; lastKnownFileType = wrapper.framework; name = SwiftUI.framework; path = System/Library/Frameworks/SwiftUI.framework; sourceTree = SDKROOT; };
		D384B4AB2DD359380093A29E /* iDoFocus.app */ = {isa = PBXFileReference; explicitFileType = wrapper.application; includeInIndex = 0; path = iDoFocus.app; sourceTree = BUILT_PRODUCTS_DIR; };
		D384B4BD2DD3593A0093A29E /* iDoFocusTests.xctest */ = {isa = PBXFileReference; explicitFileType = wrapper.cfbundle; includeInIndex = 0; path = iDoFocusTests.xctest; sourceTree = BUILT_PRODUCTS_DIR; };
		D384B4C72DD3593A0093A29E /* iDoFocusUITests.xctest */ = {isa = PBXFileReference; explicitFileType = wrapper.cfbundle; includeInIndex = 0; path = iDoFocusUITests.xctest; sourceTree = BUILT_PRODUCTS_DIR; };
/* End PBXFileReference section */

/* Begin PBXFileSystemSynchronizedBuildFileExceptionSet section */
		D34B04C22DD7BC7D0096C888 /* Exceptions for "FocusActivityWidget" folder in "FocusActivityWidgetExtension" target */ = {
			isa = PBXFileSystemSynchronizedBuildFileExceptionSet;
			membershipExceptions = (
				Info.plist,
			);
			target = D34B04A62DD7BC7B0096C888 /* FocusActivityWidgetExtension */;
		};
		D34B04C62DD7C38C0096C888 /* Exceptions for "FocusActivityWidget" folder in "iDoFocus" target */ = {
			isa = PBXFileSystemSynchronizedBuildFileExceptionSet;
			membershipExceptions = (
				SharedActivityAttributes.swift,
			);
			target = D384B4AA2DD359380093A29E /* iDoFocus */;
		};
		D384B4E12DD37C6E0093A29E /* Exceptions for "iDoFocus" folder in "iDoFocus" target */ = {
			isa = PBXFileSystemSynchronizedBuildFileExceptionSet;
			membershipExceptions = (
				Assets.xcassets,
				Info.plist,
			);
			target = D384B4AA2DD359380093A29E /* iDoFocus */;
		};
/* End PBXFileSystemSynchronizedBuildFileExceptionSet section */

/* Begin PBXFileSystemSynchronizedRootGroup section */
		D34B04AD2DD7BC7B0096C888 /* FocusActivityWidget */ = {
			isa = PBXFileSystemSynchronizedRootGroup;
			exceptions = (
				D34B04C62DD7C38C0096C888 /* Exceptions for "FocusActivityWidget" folder in "iDoFocus" target */,
				D34B04C22DD7BC7D0096C888 /* Exceptions for "FocusActivityWidget" folder in "FocusActivityWidgetExtension" target */,
			);
			path = FocusActivityWidget;
			sourceTree = "<group>";
		};
		D384B4AD2DD359380093A29E /* iDoFocus */ = {
			isa = PBXFileSystemSynchronizedRootGroup;
			exceptions = (
				D384B4E12DD37C6E0093A29E /* Exceptions for "iDoFocus" folder in "iDoFocus" target */,
			);
			path = iDoFocus;
			sourceTree = "<group>";
		};
		D384B4C02DD3593A0093A29E /* iDoFocusTests */ = {
			isa = PBXFileSystemSynchronizedRootGroup;
			path = iDoFocusTests;
			sourceTree = "<group>";
		};
		D384B4CA2DD3593A0093A29E /* iDoFocusUITests */ = {
			isa = PBXFileSystemSynchronizedRootGroup;
			path = iDoFocusUITests;
			sourceTree = "<group>";
		};
/* End PBXFileSystemSynchronizedRootGroup section */

/* Begin PBXFrameworksBuildPhase section */
		D34B04A42DD7BC7B0096C888 /* Frameworks */ = {
			isa = PBXFrameworksBuildPhase;
			buildActionMask = 2147483647;
			files = (
				D34B04AC2DD7BC7B0096C888 /* SwiftUI.framework in Frameworks */,
				D34B04AA2DD7BC7B0096C888 /* WidgetKit.framework in Frameworks */,
			);
			runOnlyForDeploymentPostprocessing = 0;
		};
		D384B4A82DD359380093A29E /* Frameworks */ = {
			isa = PBXFrameworksBuildPhase;
			buildActionMask = 2147483647;
			files = (
			);
			runOnlyForDeploymentPostprocessing = 0;
		};
		D384B4BA2DD3593A0093A29E /* Frameworks */ = {
			isa = PBXFrameworksBuildPhase;
			buildActionMask = 2147483647;
			files = (
			);
			runOnlyForDeploymentPostprocessing = 0;
		};
		D384B4C42DD3593A0093A29E /* Frameworks */ = {
			isa = PBXFrameworksBuildPhase;
			buildActionMask = 2147483647;
			files = (
			);
			runOnlyForDeploymentPostprocessing = 0;
		};
/* End PBXFrameworksBuildPhase section */

/* Begin PBXGroup section */
		D34B04A82DD7BC7B0096C888 /* Frameworks */ = {
			isa = PBXGroup;
			children = (
				D34B04A92DD7BC7B0096C888 /* WidgetKit.framework */,
				D34B04AB2DD7BC7B0096C888 /* SwiftUI.framework */,
			);
			name = Frameworks;
			sourceTree = "<group>";
		};
		D384B4A22DD359380093A29E = {
			isa = PBXGroup;
			children = (
				D384B4AD2DD359380093A29E /* iDoFocus */,
				D384B4C02DD3593A0093A29E /* iDoFocusTests */,
				D384B4CA2DD3593A0093A29E /* iDoFocusUITests */,
				D34B04AD2DD7BC7B0096C888 /* FocusActivityWidget */,
				D34B04A82DD7BC7B0096C888 /* Frameworks */,
				D384B4AC2DD359380093A29E /* Products */,
			);
			sourceTree = "<group>";
		};
		D384B4AC2DD359380093A29E /* Products */ = {
			isa = PBXGroup;
			children = (
				D384B4AB2DD359380093A29E /* iDoFocus.app */,
				D384B4BD2DD3593A0093A29E /* iDoFocusTests.xctest */,
				D384B4C72DD3593A0093A29E /* iDoFocusUITests.xctest */,
				D34B04A72DD7BC7B0096C888 /* FocusActivityWidgetExtension.appex */,
			);
			name = Products;
			sourceTree = "<group>";
		};
/* End PBXGroup section */

/* Begin PBXNativeTarget section */
		D34B04A62DD7BC7B0096C888 /* FocusActivityWidgetExtension */ = {
			isa = PBXNativeTarget;
			buildConfigurationList = D34B04C12DD7BC7D0096C888 /* Build configuration list for PBXNativeTarget "FocusActivityWidgetExtension" */;
			buildPhases = (
				D34B04A32DD7BC7B0096C888 /* Sources */,
				D34B04A42DD7BC7B0096C888 /* Frameworks */,
				D34B04A52DD7BC7B0096C888 /* Resources */,
			);
			buildRules = (
			);
			dependencies = (
			);
			fileSystemSynchronizedGroups = (
				D34B04AD2DD7BC7B0096C888 /* FocusActivityWidget */,
			);
			name = FocusActivityWidgetExtension;
			packageProductDependencies = (
			);
			productName = FocusActivityWidgetExtension;
			productReference = D34B04A72DD7BC7B0096C888 /* FocusActivityWidgetExtension.appex */;
			productType = "com.apple.product-type.app-extension";
		};
		D384B4AA2DD359380093A29E /* iDoFocus */ = {
			isa = PBXNativeTarget;
			buildConfigurationList = D384B4D12DD3593A0093A29E /* Build configuration list for PBXNativeTarget "iDoFocus" */;
			buildPhases = (
				D384B4A72DD359380093A29E /* Sources */,
				D384B4A82DD359380093A29E /* Frameworks */,
				D384B4A92DD359380093A29E /* Resources */,
				D34B04BE2DD7BC7D0096C888 /* Embed Foundation Extensions */,
			);
			buildRules = (
			);
			dependencies = (
				D34B04BC2DD7BC7D0096C888 /* PBXTargetDependency */,
			);
			fileSystemSynchronizedGroups = (
				D384B4AD2DD359380093A29E /* iDoFocus */,
			);
			name = iDoFocus;
			packageProductDependencies = (
			);
			productName = iDoFocus;
			productReference = D384B4AB2DD359380093A29E /* iDoFocus.app */;
			productType = "com.apple.product-type.application";
		};
		D384B4BC2DD3593A0093A29E /* iDoFocusTests */ = {
			isa = PBXNativeTarget;
			buildConfigurationList = D384B4D42DD3593A0093A29E /* Build configuration list for PBXNativeTarget "iDoFocusTests" */;
			buildPhases = (
				D384B4B92DD3593A0093A29E /* Sources */,
				D384B4BA2DD3593A0093A29E /* Frameworks */,
				D384B4BB2DD3593A0093A29E /* Resources */,
			);
			buildRules = (
			);
			dependencies = (
				D384B4BF2DD3593A0093A29E /* PBXTargetDependency */,
			);
			fileSystemSynchronizedGroups = (
				D384B4C02DD3593A0093A29E /* iDoFocusTests */,
			);
			name = iDoFocusTests;
			packageProductDependencies = (
			);
			productName = iDoFocusTests;
			productReference = D384B4BD2DD3593A0093A29E /* iDoFocusTests.xctest */;
			productType = "com.apple.product-type.bundle.unit-test";
		};
		D384B4C62DD3593A0093A29E /* iDoFocusUITests */ = {
			isa = PBXNativeTarget;
			buildConfigurationList = D384B4D72DD3593A0093A29E /* Build configuration list for PBXNativeTarget "iDoFocusUITests" */;
			buildPhases = (
				D384B4C32DD3593A0093A29E /* Sources */,
				D384B4C42DD3593A0093A29E /* Frameworks */,
				D384B4C52DD3593A0093A29E /* Resources */,
			);
			buildRules = (
			);
			dependencies = (
				D384B4C92DD3593A0093A29E /* PBXTargetDependency */,
			);
			fileSystemSynchronizedGroups = (
				D384B4CA2DD3593A0093A29E /* iDoFocusUITests */,
			);
			name = iDoFocusUITests;
			packageProductDependencies = (
			);
			productName = iDoFocusUITests;
			productReference = D384B4C72DD3593A0093A29E /* iDoFocusUITests.xctest */;
			productType = "com.apple.product-type.bundle.ui-testing";
		};
/* End PBXNativeTarget section */

/* Begin PBXProject section */
		D384B4A32DD359380093A29E /* Project object */ = {
			isa = PBXProject;
			attributes = {
				BuildIndependentTargetsInParallel = 1;
				LastSwiftUpdateCheck = 1630;
				LastUpgradeCheck = 1630;
				TargetAttributes = {
					D34B04A62DD7BC7B0096C888 = {
						CreatedOnToolsVersion = 16.3;
					};
					D384B4AA2DD359380093A29E = {
						CreatedOnToolsVersion = 16.3;
					};
					D384B4BC2DD3593A0093A29E = {
						CreatedOnToolsVersion = 16.3;
						TestTargetID = D384B4AA2DD359380093A29E;
					};
					D384B4C62DD3593A0093A29E = {
						CreatedOnToolsVersion = 16.3;
						TestTargetID = D384B4AA2DD359380093A29E;
					};
				};
			};
			buildConfigurationList = D384B4A62DD359380093A29E /* Build configuration list for PBXProject "iDoFocus" */;
			developmentRegion = en;
			hasScannedForEncodings = 0;
			knownRegions = (
				en,
				Base,
			);
			mainGroup = D384B4A22DD359380093A29E;
			minimizedProjectReferenceProxies = 1;
			preferredProjectObjectVersion = 77;
			productRefGroup = D384B4AC2DD359380093A29E /* Products */;
			projectDirPath = "";
			projectRoot = "";
			targets = (
				D384B4AA2DD359380093A29E /* iDoFocus */,
				D384B4BC2DD3593A0093A29E /* iDoFocusTests */,
				D384B4C62DD3593A0093A29E /* iDoFocusUITests */,
				D34B04A62DD7BC7B0096C888 /* FocusActivityWidgetExtension */,
			);
		};
/* End PBXProject section */

/* Begin PBXResourcesBuildPhase section */
		D34B04A52DD7BC7B0096C888 /* Resources */ = {
			isa = PBXResourcesBuildPhase;
			buildActionMask = 2147483647;
			files = (
			);
			runOnlyForDeploymentPostprocessing = 0;
		};
		D384B4A92DD359380093A29E /* Resources */ = {
			isa = PBXResourcesBuildPhase;
			buildActionMask = 2147483647;
			files = (
			);
			runOnlyForDeploymentPostprocessing = 0;
		};
		D384B4BB2DD3593A0093A29E /* Resources */ = {
			isa = PBXResourcesBuildPhase;
			buildActionMask = 2147483647;
			files = (
			);
			runOnlyForDeploymentPostprocessing = 0;
		};
		D384B4C52DD3593A0093A29E /* Resources */ = {
			isa = PBXResourcesBuildPhase;
			buildActionMask = 2147483647;
			files = (
			);
			runOnlyForDeploymentPostprocessing = 0;
		};
/* End PBXResourcesBuildPhase section */

/* Begin PBXSourcesBuildPhase section */
		D34B04A32DD7BC7B0096C888 /* Sources */ = {
			isa = PBXSourcesBuildPhase;
			buildActionMask = 2147483647;
			files = (
			);
			runOnlyForDeploymentPostprocessing = 0;
		};
		D384B4A72DD359380093A29E /* Sources */ = {
			isa = PBXSourcesBuildPhase;
			buildActionMask = 2147483647;
			files = (
			);
			runOnlyForDeploymentPostprocessing = 0;
		};
		D384B4B92DD3593A0093A29E /* Sources */ = {
			isa = PBXSourcesBuildPhase;
			buildActionMask = 2147483647;
			files = (
			);
			runOnlyForDeploymentPostprocessing = 0;
		};
		D384B4C32DD3593A0093A29E /* Sources */ = {
			isa = PBXSourcesBuildPhase;
			buildActionMask = 2147483647;
			files = (
			);
			runOnlyForDeploymentPostprocessing = 0;
		};
/* End PBXSourcesBuildPhase section */

/* Begin PBXTargetDependency section */
		D34B04BC2DD7BC7D0096C888 /* PBXTargetDependency */ = {
			isa = PBXTargetDependency;
			target = D34B04A62DD7BC7B0096C888 /* FocusActivityWidgetExtension */;
			targetProxy = D34B04BB2DD7BC7D0096C888 /* PBXContainerItemProxy */;
		};
		D384B4BF2DD3593A0093A29E /* PBXTargetDependency */ = {
			isa = PBXTargetDependency;
			target = D384B4AA2DD359380093A29E /* iDoFocus */;
			targetProxy = D384B4BE2DD3593A0093A29E /* PBXContainerItemProxy */;
		};
		D384B4C92DD3593A0093A29E /* PBXTargetDependency */ = {
			isa = PBXTargetDependency;
			target = D384B4AA2DD359380093A29E /* iDoFocus */;
			targetProxy = D384B4C82DD3593A0093A29E /* PBXContainerItemProxy */;
		};
/* End PBXTargetDependency section */

/* Begin XCBuildConfiguration section */
		D34B04BF2DD7BC7D0096C888 /* Debug */ = {
			isa = XCBuildConfiguration;
			buildSettings = {
				ASSETCATALOG_COMPILER_GLOBAL_ACCENT_COLOR_NAME = AccentColor;
				ASSETCATALOG_COMPILER_WIDGET_BACKGROUND_COLOR_NAME = WidgetBackground;
				CODE_SIGN_STYLE = Automatic;
				CURRENT_PROJECT_VERSION = 1;
				GENERATE_INFOPLIST_FILE = YES;
				INFOPLIST_FILE = FocusActivityWidget/Info.plist;
				INFOPLIST_KEY_CFBundleDisplayName = FocusActivityWidget;
				INFOPLIST_KEY_NSHumanReadableCopyright = "";
				LD_RUNPATH_SEARCH_PATHS = (
					"$(inherited)",
					"@executable_path/Frameworks",
					"@executable_path/../../Frameworks",
				);
				MARKETING_VERSION = 1.0;
				PRODUCT_BUNDLE_IDENTIFIER = wpacocha.iDoFocus.FocusActivityWidget;
				PRODUCT_NAME = "$(TARGET_NAME)";
				SKIP_INSTALL = YES;
				SWIFT_EMIT_LOC_STRINGS = YES;
				SWIFT_VERSION = 5.0;
				TARGETED_DEVICE_FAMILY = "1,2";
			};
			name = Debug;
		};
		D34B04C02DD7BC7D0096C888 /* Release */ = {
			isa = XCBuildConfiguration;
			buildSettings = {
				ASSETCATALOG_COMPILER_GLOBAL_ACCENT_COLOR_NAME = AccentColor;
				ASSETCATALOG_COMPILER_WIDGET_BACKGROUND_COLOR_NAME = WidgetBackground;
				CODE_SIGN_STYLE = Automatic;
				CURRENT_PROJECT_VERSION = 1;
				GENERATE_INFOPLIST_FILE = YES;
				INFOPLIST_FILE = FocusActivityWidget/Info.plist;
				INFOPLIST_KEY_CFBundleDisplayName = FocusActivityWidget;
				INFOPLIST_KEY_NSHumanReadableCopyright = "";
				LD_RUNPATH_SEARCH_PATHS = (
					"$(inherited)",
					"@executable_path/Frameworks",
					"@executable_path/../../Frameworks",
				);
				MARKETING_VERSION = 1.0;
				PRODUCT_BUNDLE_IDENTIFIER = wpacocha.iDoFocus.FocusActivityWidget;
				PRODUCT_NAME = "$(TARGET_NAME)";
				SKIP_INSTALL = YES;
				SWIFT_EMIT_LOC_STRINGS = YES;
				SWIFT_VERSION = 5.0;
				TARGETED_DEVICE_FAMILY = "1,2";
			};
			name = Release;
		};
		D384B4CF2DD3593A0093A29E /* Debug */ = {
			isa = XCBuildConfiguration;
			buildSettings = {
				ALWAYS_SEARCH_USER_PATHS = NO;
				ASSETCATALOG_COMPILER_GENERATE_SWIFT_ASSET_SYMBOL_EXTENSIONS = YES;
				CLANG_ANALYZER_NONNULL = YES;
				CLANG_ANALYZER_NUMBER_OBJECT_CONVERSION = YES_AGGRESSIVE;
				CLANG_CXX_LANGUAGE_STANDARD = "gnu++20";
				CLANG_ENABLE_MODULES = YES;
				CLANG_ENABLE_OBJC_ARC = YES;
				CLANG_ENABLE_OBJC_WEAK = YES;
				CLANG_WARN_BLOCK_CAPTURE_AUTORELEASING = YES;
				CLANG_WARN_BOOL_CONVERSION = YES;
				CLANG_WARN_COMMA = YES;
				CLANG_WARN_CONSTANT_CONVERSION = YES;
				CLANG_WARN_DEPRECATED_OBJC_IMPLEMENTATIONS = YES;
				CLANG_WARN_DIRECT_OBJC_ISA_USAGE = YES_ERROR;
				CLANG_WARN_DOCUMENTATION_COMMENTS = YES;
				CLANG_WARN_EMPTY_BODY = YES;
				CLANG_WARN_ENUM_CONVERSION = YES;
				CLANG_WARN_INFINITE_RECURSION = YES;
				CLANG_WARN_INT_CONVERSION = YES;
				CLANG_WARN_NON_LITERAL_NULL_CONVERSION = YES;
				CLANG_WARN_OBJC_IMPLICIT_RETAIN_SELF = YES;
				CLANG_WARN_OBJC_LITERAL_CONVERSION = YES;
				CLANG_WARN_OBJC_ROOT_CLASS = YES_ERROR;
				CLANG_WARN_QUOTED_INCLUDE_IN_FRAMEWORK_HEADER = YES;
				CLANG_WARN_RANGE_LOOP_ANALYSIS = YES;
				CLANG_WARN_STRICT_PROTOTYPES = YES;
				CLANG_WARN_SUSPICIOUS_MOVE = YES;
				CLANG_WARN_UNGUARDED_AVAILABILITY = YES_AGGRESSIVE;
				CLANG_WARN_UNREACHABLE_CODE = YES;
				CLANG_WARN__DUPLICATE_METHOD_MATCH = YES;
				COPY_PHASE_STRIP = NO;
				DEBUG_INFORMATION_FORMAT = dwarf;
				ENABLE_STRICT_OBJC_MSGSEND = YES;
				ENABLE_TESTABILITY = YES;
				ENABLE_USER_SCRIPT_SANDBOXING = YES;
				GCC_C_LANGUAGE_STANDARD = gnu17;
				GCC_DYNAMIC_NO_PIC = NO;
				GCC_NO_COMMON_BLOCKS = YES;
				GCC_OPTIMIZATION_LEVEL = 0;
				GCC_PREPROCESSOR_DEFINITIONS = (
					"DEBUG=1",
					"$(inherited)",
				);
				GCC_WARN_64_TO_32_BIT_CONVERSION = YES;
				GCC_WARN_ABOUT_RETURN_TYPE = YES_ERROR;
				GCC_WARN_UNDECLARED_SELECTOR = YES;
				GCC_WARN_UNINITIALIZED_AUTOS = YES_AGGRESSIVE;
				GCC_WARN_UNUSED_FUNCTION = YES;
				GCC_WARN_UNUSED_VARIABLE = YES;
				IPHONEOS_DEPLOYMENT_TARGET = 18.4;
				LOCALIZATION_PREFERS_STRING_CATALOGS = YES;
				MTL_ENABLE_DEBUG_INFO = INCLUDE_SOURCE;
				MTL_FAST_MATH = YES;
				ONLY_ACTIVE_ARCH = YES;
				SDKROOT = iphoneos;
				SWIFT_ACTIVE_COMPILATION_CONDITIONS = "DEBUG $(inherited)";
				SWIFT_OPTIMIZATION_LEVEL = "-Onone";
			};
			name = Debug;
		};
		D384B4D02DD3593A0093A29E /* Release */ = {
			isa = XCBuildConfiguration;
			buildSettings = {
				ALWAYS_SEARCH_USER_PATHS = NO;
				ASSETCATALOG_COMPILER_GENERATE_SWIFT_ASSET_SYMBOL_EXTENSIONS = YES;
				CLANG_ANALYZER_NONNULL = YES;
				CLANG_ANALYZER_NUMBER_OBJECT_CONVERSION = YES_AGGRESSIVE;
				CLANG_CXX_LANGUAGE_STANDARD = "gnu++20";
				CLANG_ENABLE_MODULES = YES;
				CLANG_ENABLE_OBJC_ARC = YES;
				CLANG_ENABLE_OBJC_WEAK = YES;
				CLANG_WARN_BLOCK_CAPTURE_AUTORELEASING = YES;
				CLANG_WARN_BOOL_CONVERSION = YES;
				CLANG_WARN_COMMA = YES;
				CLANG_WARN_CONSTANT_CONVERSION = YES;
				CLANG_WARN_DEPRECATED_OBJC_IMPLEMENTATIONS = YES;
				CLANG_WARN_DIRECT_OBJC_ISA_USAGE = YES_ERROR;
				CLANG_WARN_DOCUMENTATION_COMMENTS = YES;
				CLANG_WARN_EMPTY_BODY = YES;
				CLANG_WARN_ENUM_CONVERSION = YES;
				CLANG_WARN_INFINITE_RECURSION = YES;
				CLANG_WARN_INT_CONVERSION = YES;
				CLANG_WARN_NON_LITERAL_NULL_CONVERSION = YES;
				CLANG_WARN_OBJC_IMPLICIT_RETAIN_SELF = YES;
				CLANG_WARN_OBJC_LITERAL_CONVERSION = YES;
				CLANG_WARN_OBJC_ROOT_CLASS = YES_ERROR;
				CLANG_WARN_QUOTED_INCLUDE_IN_FRAMEWORK_HEADER = YES;
				CLANG_WARN_RANGE_LOOP_ANALYSIS = YES;
				CLANG_WARN_STRICT_PROTOTYPES = YES;
				CLANG_WARN_SUSPICIOUS_MOVE = YES;
				CLANG_WARN_UNGUARDED_AVAILABILITY = YES_AGGRESSIVE;
				CLANG_WARN_UNREACHABLE_CODE = YES;
				CLANG_WARN__DUPLICATE_METHOD_MATCH = YES;
				COPY_PHASE_STRIP = NO;
				DEBUG_INFORMATION_FORMAT = "dwarf-with-dsym";
				ENABLE_NS_ASSERTIONS = NO;
				ENABLE_STRICT_OBJC_MSGSEND = YES;
				ENABLE_USER_SCRIPT_SANDBOXING = YES;
				GCC_C_LANGUAGE_STANDARD = gnu17;
				GCC_NO_COMMON_BLOCKS = YES;
				GCC_WARN_64_TO_32_BIT_CONVERSION = YES;
				GCC_WARN_ABOUT_RETURN_TYPE = YES_ERROR;
				GCC_WARN_UNDECLARED_SELECTOR = YES;
				GCC_WARN_UNINITIALIZED_AUTOS = YES_AGGRESSIVE;
				GCC_WARN_UNUSED_FUNCTION = YES;
				GCC_WARN_UNUSED_VARIABLE = YES;
				IPHONEOS_DEPLOYMENT_TARGET = 18.4;
				LOCALIZATION_PREFERS_STRING_CATALOGS = YES;
				MTL_ENABLE_DEBUG_INFO = NO;
				MTL_FAST_MATH = YES;
				SDKROOT = iphoneos;
				SWIFT_COMPILATION_MODE = wholemodule;
				VALIDATE_PRODUCT = YES;
			};
			name = Release;
		};
		D384B4D22DD3593A0093A29E /* Debug */ = {
			isa = XCBuildConfiguration;
			buildSettings = {
				ASSETCATALOG_COMPILER_APPICON_NAME = Logo;
				ASSETCATALOG_COMPILER_GLOBAL_ACCENT_COLOR_NAME = AccentColor;
				ASSETCATALOG_COMPILER_INCLUDE_ALL_APPICON_ASSETS = YES;
				CODE_SIGN_STYLE = Automatic;
				CURRENT_PROJECT_VERSION = 1;
				ENABLE_PREVIEWS = YES;
				GENERATE_INFOPLIST_FILE = NO;
				INFOPLIST_FILE = iDoFocus/Info.plist;
				INFOPLIST_KEY_UIApplicationSceneManifest_Generation = YES;
				INFOPLIST_KEY_UIApplicationSupportsIndirectInputEvents = YES;
				INFOPLIST_KEY_UILaunchScreen_Generation = YES;
				INFOPLIST_KEY_UISupportedInterfaceOrientations_iPad = "UIInterfaceOrientationPortrait UIInterfaceOrientationPortraitUpsideDown UIInterfaceOrientationLandscapeLeft UIInterfaceOrientationLandscapeRight";
				INFOPLIST_KEY_UISupportedInterfaceOrientations_iPhone = "UIInterfaceOrientationPortrait UIInterfaceOrientationLandscapeLeft UIInterfaceOrientationLandscapeRight";
				LD_RUNPATH_SEARCH_PATHS = (
					"$(inherited)",
					"@executable_path/Frameworks",
				);
				MARKETING_VERSION = 1.0;
				PRODUCT_BUNDLE_IDENTIFIER = wpacocha.iDoFocus;
				PRODUCT_NAME = "$(TARGET_NAME)";
				SWIFT_EMIT_LOC_STRINGS = YES;
				SWIFT_VERSION = 5.0;
				TARGETED_DEVICE_FAMILY = "1,2";
			};
			name = Debug;
		};
		D384B4D32DD3593A0093A29E /* Release */ = {
			isa = XCBuildConfiguration;
			buildSettings = {
				ASSETCATALOG_COMPILER_APPICON_NAME = Logo;
				ASSETCATALOG_COMPILER_GLOBAL_ACCENT_COLOR_NAME = AccentColor;
				ASSETCATALOG_COMPILER_INCLUDE_ALL_APPICON_ASSETS = YES;
				CODE_SIGN_STYLE = Automatic;
				CURRENT_PROJECT_VERSION = 1;
				ENABLE_PREVIEWS = YES;
				GENERATE_INFOPLIST_FILE = NO;
				INFOPLIST_FILE = iDoFocus/Info.plist;
				INFOPLIST_KEY_UIApplicationSceneManifest_Generation = YES;
				INFOPLIST_KEY_UIApplicationSupportsIndirectInputEvents = YES;
				INFOPLIST_KEY_UILaunchScreen_Generation = YES;
				INFOPLIST_KEY_UISupportedInterfaceOrientations_iPad = "UIInterfaceOrientationPortrait UIInterfaceOrientationPortraitUpsideDown UIInterfaceOrientationLandscapeLeft UIInterfaceOrientationLandscapeRight";
				INFOPLIST_KEY_UISupportedInterfaceOrientations_iPhone = "UIInterfaceOrientationPortrait UIInterfaceOrientationLandscapeLeft UIInterfaceOrientationLandscapeRight";
				LD_RUNPATH_SEARCH_PATHS = (
					"$(inherited)",
					"@executable_path/Frameworks",
				);
				MARKETING_VERSION = 1.0;
				PRODUCT_BUNDLE_IDENTIFIER = wpacocha.iDoFocus;
				PRODUCT_NAME = "$(TARGET_NAME)";
				SWIFT_EMIT_LOC_STRINGS = YES;
				SWIFT_VERSION = 5.0;
				TARGETED_DEVICE_FAMILY = "1,2";
			};
			name = Release;
		};
		D384B4D52DD3593A0093A29E /* Debug */ = {
			isa = XCBuildConfiguration;
			buildSettings = {
				BUNDLE_LOADER = "$(TEST_HOST)";
				CODE_SIGN_STYLE = Automatic;
				CURRENT_PROJECT_VERSION = 1;
				GENERATE_INFOPLIST_FILE = YES;
				IPHONEOS_DEPLOYMENT_TARGET = 18.4;
				MARKETING_VERSION = 1.0;
				PRODUCT_BUNDLE_IDENTIFIER = wpacocha.iDoFocusTests;
				PRODUCT_NAME = "$(TARGET_NAME)";
				SWIFT_EMIT_LOC_STRINGS = NO;
				SWIFT_VERSION = 5.0;
				TARGETED_DEVICE_FAMILY = "1,2";
				TEST_HOST = "$(BUILT_PRODUCTS_DIR)/iDoFocus.app/$(BUNDLE_EXECUTABLE_FOLDER_PATH)/iDoFocus";
			};
			name = Debug;
		};
		D384B4D62DD3593A0093A29E /* Release */ = {
			isa = XCBuildConfiguration;
			buildSettings = {
				BUNDLE_LOADER = "$(TEST_HOST)";
				CODE_SIGN_STYLE = Automatic;
				CURRENT_PROJECT_VERSION = 1;
				GENERATE_INFOPLIST_FILE = YES;
				IPHONEOS_DEPLOYMENT_TARGET = 18.4;
				MARKETING_VERSION = 1.0;
				PRODUCT_BUNDLE_IDENTIFIER = wpacocha.iDoFocusTests;
				PRODUCT_NAME = "$(TARGET_NAME)";
				SWIFT_EMIT_LOC_STRINGS = NO;
				SWIFT_VERSION = 5.0;
				TARGETED_DEVICE_FAMILY = "1,2";
				TEST_HOST = "$(BUILT_PRODUCTS_DIR)/iDoFocus.app/$(BUNDLE_EXECUTABLE_FOLDER_PATH)/iDoFocus";
			};
			name = Release;
		};
		D384B4D82DD3593A0093A29E /* Debug */ = {
			isa = XCBuildConfiguration;
			buildSettings = {
				CODE_SIGN_STYLE = Automatic;
				CURRENT_PROJECT_VERSION = 1;
				GENERATE_INFOPLIST_FILE = YES;
				MARKETING_VERSION = 1.0;
				PRODUCT_BUNDLE_IDENTIFIER = wpacocha.iDoFocusUITests;
				PRODUCT_NAME = "$(TARGET_NAME)";
				SWIFT_EMIT_LOC_STRINGS = NO;
				SWIFT_VERSION = 5.0;
				TARGETED_DEVICE_FAMILY = "1,2";
				TEST_TARGET_NAME = iDoFocus;
			};
			name = Debug;
		};
		D384B4D92DD3593A0093A29E /* Release */ = {
			isa = XCBuildConfiguration;
			buildSettings = {
				CODE_SIGN_STYLE = Automatic;
				CURRENT_PROJECT_VERSION = 1;
				GENERATE_INFOPLIST_FILE = YES;
				MARKETING_VERSION = 1.0;
				PRODUCT_BUNDLE_IDENTIFIER = wpacocha.iDoFocusUITests;
				PRODUCT_NAME = "$(TARGET_NAME)";
				SWIFT_EMIT_LOC_STRINGS = NO;
				SWIFT_VERSION = 5.0;
				TARGETED_DEVICE_FAMILY = "1,2";
				TEST_TARGET_NAME = iDoFocus;
			};
			name = Release;
		};
/* End XCBuildConfiguration section */

/* Begin XCConfigurationList section */
		D34B04C12DD7BC7D0096C888 /* Build configuration list for PBXNativeTarget "FocusActivityWidgetExtension" */ = {
			isa = XCConfigurationList;
			buildConfigurations = (
				D34B04BF2DD7BC7D0096C888 /* Debug */,
				D34B04C02DD7BC7D0096C888 /* Release */,
			);
			defaultConfigurationIsVisible = 0;
			defaultConfigurationName = Release;
		};
		D384B4A62DD359380093A29E /* Build configuration list for PBXProject "iDoFocus" */ = {
			isa = XCConfigurationList;
			buildConfigurations = (
				D384B4CF2DD3593A0093A29E /* Debug */,
				D384B4D02DD3593A0093A29E /* Release */,
			);
			defaultConfigurationIsVisible = 0;
			defaultConfigurationName = Release;
		};
		D384B4D12DD3593A0093A29E /* Build configuration list for PBXNativeTarget "iDoFocus" */ = {
			isa = XCConfigurationList;
			buildConfigurations = (
				D384B4D22DD3593A0093A29E /* Debug */,
				D384B4D32DD3593A0093A29E /* Release */,
			);
			defaultConfigurationIsVisible = 0;
			defaultConfigurationName = Release;
		};
		D384B4D42DD3593A0093A29E /* Build configuration list for PBXNativeTarget "iDoFocusTests" */ = {
			isa = XCConfigurationList;
			buildConfigurations = (
				D384B4D52DD3593A0093A29E /* Debug */,
				D384B4D62DD3593A0093A29E /* Release */,
			);
			defaultConfigurationIsVisible = 0;
			defaultConfigurationName = Release;
		};
		D384B4D72DD3593A0093A29E /* Build configuration list for PBXNativeTarget "iDoFocusUITests" */ = {
			isa = XCConfigurationList;
			buildConfigurations = (
				D384B4D82DD3593A0093A29E /* Debug */,
				D384B4D92DD3593A0093A29E /* Release */,
			);
			defaultConfigurationIsVisible = 0;
			defaultConfigurationName = Release;
		};
/* End XCConfigurationList section */
	};
	rootObject = D384B4A32DD359380093A29E /* Project object */;
}
